
Microsoft Visual Studio Solution File, Format Version 12.00
# Visual Studio 15
VisualStudioVersion = 15.0.27130.2036
MinimumVisualStudioVersion = 10.0.40219.1
Project("{FAE04EC0-301F-11D3-BF4B-00C04F79EFBC}") = "Quest", "Quest\Quest.csproj", "{405AF8CA-A9E7-43E6-8923-F8536040258A}"
EndProject
Global
	GlobalSection(SolutionConfigurationPlatforms) = preSolution
		Debug|Any CPU = Debug|Any CPU
		Release|Any CPU = Release|Any CPU
	EndGlobalSection
	GlobalSection(ProjectConfigurationPlatforms) = postSolution
		{405AF8CA-A9E7-43E6-8923-F8536040258A}.Debug|Any CPU.ActiveCfg = Debug|Any CPU
		{405AF8CA-A9E7-43E6-8923-F8536040258A}.Debug|Any CPU.Build.0 = Debug|Any CPU
		{405AF8CA-A9E7-43E6-8923-F8536040258A}.Release|Any CPU.ActiveCfg = Release|Any CPU
		{405AF8CA-A9E7-43E6-8923-F8536040258A}.Release|Any CPU.Build.0 = Release|Any CPU
	EndGlobalSection
	GlobalSection(SolutionProperties) = preSolution
		HideSolutionNode = FALSE
	EndGlobalSection
	GlobalSection(ExtensibilityGlobals) = postSolution
		SolutionGuid = {912819C9-D112-4620-929B-3632E456B405}
	EndGlobalSection
EndGlobal
