
Microsoft Visual Studio Solution File, Format Version 12.00
# Visual Studio 15
VisualStudioVersion = 15.0.27130.2027
MinimumVisualStudioVersion = 10.0.40219.1
Project("{FAE04EC0-301F-11D3-BF4B-00C04F79EFBC}") = "Queue", "Queue\Queue.csproj", "{4DC60A34-D2D7-4CE0-AAC8-F4D99DDBD545}"
EndProject
Global
	GlobalSection(SolutionConfigurationPlatforms) = preSolution
		Debug|Any CPU = Debug|Any CPU
		Release|Any CPU = Release|Any CPU
	EndGlobalSection
	GlobalSection(ProjectConfigurationPlatforms) = postSolution
		{4DC60A34-D2D7-4CE0-AAC8-F4D99DDBD545}.Debug|Any CPU.ActiveCfg = Debug|Any CPU
		{4DC60A34-D2D7-4CE0-AAC8-F4D99DDBD545}.Debug|Any CPU.Build.0 = Debug|Any CPU
		{4DC60A34-D2D7-4CE0-AAC8-F4D99DDBD545}.Release|Any CPU.ActiveCfg = Release|Any CPU
		{4DC60A34-D2D7-4CE0-AAC8-F4D99DDBD545}.Release|Any CPU.Build.0 = Release|Any CPU
	EndGlobalSection
	GlobalSection(SolutionProperties) = preSolution
		HideSolutionNode = FALSE
	EndGlobalSection
	GlobalSection(ExtensibilityGlobals) = postSolution
		SolutionGuid = {418CEF15-3638-456E-8B82-A102ED31492E}
	EndGlobalSection
EndGlobal
