
Microsoft Visual Studio Solution File, Format Version 12.00
# Visual Studio 15
VisualStudioVersion = 15.0.27130.2027
MinimumVisualStudioVersion = 10.0.40219.1
Project("{FAE04EC0-301F-11D3-BF4B-00C04F79EFBC}") = "Dogracepractice", "Dogracepractice\Dogracepractice.csproj", "{93786E91-75C6-47A1-99D8-0E4FD7931408}"
EndProject
Global
	GlobalSection(SolutionConfigurationPlatforms) = preSolution
		Debug|Any CPU = Debug|Any CPU
		Release|Any CPU = Release|Any CPU
	EndGlobalSection
	GlobalSection(ProjectConfigurationPlatforms) = postSolution
		{93786E91-75C6-47A1-99D8-0E4FD7931408}.Debug|Any CPU.ActiveCfg = Debug|Any CPU
		{93786E91-75C6-47A1-99D8-0E4FD7931408}.Debug|Any CPU.Build.0 = Debug|Any CPU
		{93786E91-75C6-47A1-99D8-0E4FD7931408}.Release|Any CPU.ActiveCfg = Release|Any CPU
		{93786E91-75C6-47A1-99D8-0E4FD7931408}.Release|Any CPU.Build.0 = Release|Any CPU
	EndGlobalSection
	GlobalSection(SolutionProperties) = preSolution
		HideSolutionNode = FALSE
	EndGlobalSection
	GlobalSection(ExtensibilityGlobals) = postSolution
		SolutionGuid = {66997844-031C-4FD0-9EEF-10EF93FBCF79}
	EndGlobalSection
EndGlobal
