
Microsoft Visual Studio Solution File, Format Version 12.00
# Visual Studio 15
VisualStudioVersion = 15.0.27130.2027
MinimumVisualStudioVersion = 10.0.40219.1
Project("{FAE04EC0-301F-11D3-BF4B-00C04F79EFBC}") = "Invaders", "Invaders.csproj", "{0257222C-EFBB-49F9-8E6D-395C32BC15DA}"
EndProject
Global
	GlobalSection(SolutionConfigurationPlatforms) = preSolution
		Debug|Any CPU = Debug|Any CPU
		Release|Any CPU = Release|Any CPU
	EndGlobalSection
	GlobalSection(ProjectConfigurationPlatforms) = postSolution
		{0257222C-EFBB-49F9-8E6D-395C32BC15DA}.Debug|Any CPU.ActiveCfg = Debug|Any CPU
		{0257222C-EFBB-49F9-8E6D-395C32BC15DA}.Debug|Any CPU.Build.0 = Debug|Any CPU
		{0257222C-EFBB-49F9-8E6D-395C32BC15DA}.Release|Any CPU.ActiveCfg = Release|Any CPU
		{0257222C-EFBB-49F9-8E6D-395C32BC15DA}.Release|Any CPU.Build.0 = Release|Any CPU
	EndGlobalSection
	GlobalSection(SolutionProperties) = preSolution
		HideSolutionNode = FALSE
	EndGlobalSection
	GlobalSection(ExtensibilityGlobals) = postSolution
		SolutionGuid = {261A4D4E-4497-4907-AC01-6943FDE29E9B}
	EndGlobalSection
EndGlobal
