
Microsoft Visual Studio Solution File, Format Version 12.00
# Visual Studio 15
VisualStudioVersion = 15.0.27130.2027
MinimumVisualStudioVersion = 10.0.40219.1
Project("{FAE04EC0-301F-11D3-BF4B-00C04F79EFBC}") = "Beehive", "Beehive\Beehive.csproj", "{62191601-4BAF-4184-B654-4EE7732EAA40}"
EndProject
Global
	GlobalSection(SolutionConfigurationPlatforms) = preSolution
		Debug|Any CPU = Debug|Any CPU
		Release|Any CPU = Release|Any CPU
	EndGlobalSection
	GlobalSection(ProjectConfigurationPlatforms) = postSolution
		{62191601-4BAF-4184-B654-4EE7732EAA40}.Debug|Any CPU.ActiveCfg = Debug|Any CPU
		{62191601-4BAF-4184-B654-4EE7732EAA40}.Debug|Any CPU.Build.0 = Debug|Any CPU
		{62191601-4BAF-4184-B654-4EE7732EAA40}.Release|Any CPU.ActiveCfg = Release|Any CPU
		{62191601-4BAF-4184-B654-4EE7732EAA40}.Release|Any CPU.Build.0 = Release|Any CPU
	EndGlobalSection
	GlobalSection(SolutionProperties) = preSolution
		HideSolutionNode = FALSE
	EndGlobalSection
	GlobalSection(ExtensibilityGlobals) = postSolution
		SolutionGuid = {E124DA4F-4EED-4A9A-87DD-5E362130346E}
	EndGlobalSection
EndGlobal
