
Microsoft Visual Studio Solution File, Format Version 12.00
# Visual Studio 15
VisualStudioVersion = 15.0.27130.2027
MinimumVisualStudioVersion = 10.0.40219.1
Project("{FAE04EC0-301F-11D3-BF4B-00C04F79EFBC}") = "DogRace", "DogRace\DogRace.csproj", "{4EFBAE37-94A1-410C-883A-D42CA611ED40}"
EndProject
Global
	GlobalSection(SolutionConfigurationPlatforms) = preSolution
		Debug|Any CPU = Debug|Any CPU
		Release|Any CPU = Release|Any CPU
	EndGlobalSection
	GlobalSection(ProjectConfigurationPlatforms) = postSolution
		{4EFBAE37-94A1-410C-883A-D42CA611ED40}.Debug|Any CPU.ActiveCfg = Debug|Any CPU
		{4EFBAE37-94A1-410C-883A-D42CA611ED40}.Debug|Any CPU.Build.0 = Debug|Any CPU
		{4EFBAE37-94A1-410C-883A-D42CA611ED40}.Release|Any CPU.ActiveCfg = Release|Any CPU
		{4EFBAE37-94A1-410C-883A-D42CA611ED40}.Release|Any CPU.Build.0 = Release|Any CPU
	EndGlobalSection
	GlobalSection(SolutionProperties) = preSolution
		HideSolutionNode = FALSE
	EndGlobalSection
	GlobalSection(ExtensibilityGlobals) = postSolution
		SolutionGuid = {86E45BFC-F47A-4B10-A4F2-ED1AA01B14DC}
	EndGlobalSection
EndGlobal
