
Microsoft Visual Studio Solution File, Format Version 12.00
# Visual Studio 2017
Project("{FAE04EC0-301F-11D3-BF4B-00C04F79EFBC}") = "Space Shooter Project", "Space Shooter Project.csproj", "{66D9634E-B926-EC59-DC88-86669D846638}"
EndProject
Project("{FAE04EC0-301F-11D3-BF4B-00C04F79EFBC}") = "Space Shooter Project.Editor", "Space Shooter Project.Editor.csproj", "{1F054954-465D-C17B-E448-AFEE0DDB8DC5}"
EndProject
Global
	GlobalSection(SolutionConfigurationPlatforms) = preSolution
		Debug|Any CPU = Debug|Any CPU
		Release|Any CPU = Release|Any CPU
	EndGlobalSection
	GlobalSection(ProjectConfigurationPlatforms) = postSolution
		{66D9634E-B926-EC59-DC88-86669D846638}.Debug|Any CPU.ActiveCfg = Debug|Any CPU
		{66D9634E-B926-EC59-DC88-86669D846638}.Debug|Any CPU.Build.0 = Debug|Any CPU
		{66D9634E-B926-EC59-DC88-86669D846638}.Release|Any CPU.ActiveCfg = Release|Any CPU
		{66D9634E-B926-EC59-DC88-86669D846638}.Release|Any CPU.Build.0 = Release|Any CPU
		{1F054954-465D-C17B-E448-AFEE0DDB8DC5}.Debug|Any CPU.ActiveCfg = Debug|Any CPU
		{1F054954-465D-C17B-E448-AFEE0DDB8DC5}.Debug|Any CPU.Build.0 = Debug|Any CPU
		{1F054954-465D-C17B-E448-AFEE0DDB8DC5}.Release|Any CPU.ActiveCfg = Release|Any CPU
		{1F054954-465D-C17B-E448-AFEE0DDB8DC5}.Release|Any CPU.Build.0 = Release|Any CPU
	EndGlobalSection
	GlobalSection(SolutionProperties) = preSolution
		HideSolutionNode = FALSE
	EndGlobalSection
EndGlobal
