
Microsoft Visual Studio Solution File, Format Version 12.00
# Visual Studio 15
VisualStudioVersion = 15.0.27130.2027
MinimumVisualStudioVersion = 10.0.40219.1
Project("{FAE04EC0-301F-11D3-BF4B-00C04F79EFBC}") = "RaceSimulation", "RaceSimulation\RaceSimulation.csproj", "{2532515F-F570-4E8C-AF8D-9AF90A428A03}"
EndProject
Global
	GlobalSection(SolutionConfigurationPlatforms) = preSolution
		Debug|Any CPU = Debug|Any CPU
		Release|Any CPU = Release|Any CPU
	EndGlobalSection
	GlobalSection(ProjectConfigurationPlatforms) = postSolution
		{2532515F-F570-4E8C-AF8D-9AF90A428A03}.Debug|Any CPU.ActiveCfg = Debug|Any CPU
		{2532515F-F570-4E8C-AF8D-9AF90A428A03}.Debug|Any CPU.Build.0 = Debug|Any CPU
		{2532515F-F570-4E8C-AF8D-9AF90A428A03}.Release|Any CPU.ActiveCfg = Release|Any CPU
		{2532515F-F570-4E8C-AF8D-9AF90A428A03}.Release|Any CPU.Build.0 = Release|Any CPU
	EndGlobalSection
	GlobalSection(SolutionProperties) = preSolution
		HideSolutionNode = FALSE
	EndGlobalSection
	GlobalSection(ExtensibilityGlobals) = postSolution
		SolutionGuid = {1F1369B1-665B-4C7C-9D96-724D1EB46ED0}
	EndGlobalSection
EndGlobal
