
Microsoft Visual Studio Solution File, Format Version 12.00
# Visual Studio 2017
Project("{FAE04EC0-301F-11D3-BF4B-00C04F79EFBC}") = "0518_space_shooter_김판주", "0518_space_shooter_김판주.csproj", "{490F5F88-9820-4422-1894-5CFDABF543F4}"
EndProject
Project("{FAE04EC0-301F-11D3-BF4B-00C04F79EFBC}") = "0518_space_shooter_김판주.Editor", "0518_space_shooter_김판주.Editor.csproj", "{BB5FFA2D-6858-4036-FFCE-CD7A2A92F54C}"
EndProject
Global
	GlobalSection(SolutionConfigurationPlatforms) = preSolution
		Debug|Any CPU = Debug|Any CPU
		Release|Any CPU = Release|Any CPU
	EndGlobalSection
	GlobalSection(ProjectConfigurationPlatforms) = postSolution
		{490F5F88-9820-4422-1894-5CFDABF543F4}.Debug|Any CPU.ActiveCfg = Debug|Any CPU
		{490F5F88-9820-4422-1894-5CFDABF543F4}.Debug|Any CPU.Build.0 = Debug|Any CPU
		{490F5F88-9820-4422-1894-5CFDABF543F4}.Release|Any CPU.ActiveCfg = Release|Any CPU
		{490F5F88-9820-4422-1894-5CFDABF543F4}.Release|Any CPU.Build.0 = Release|Any CPU
		{BB5FFA2D-6858-4036-FFCE-CD7A2A92F54C}.Debug|Any CPU.ActiveCfg = Debug|Any CPU
		{BB5FFA2D-6858-4036-FFCE-CD7A2A92F54C}.Debug|Any CPU.Build.0 = Debug|Any CPU
		{BB5FFA2D-6858-4036-FFCE-CD7A2A92F54C}.Release|Any CPU.ActiveCfg = Release|Any CPU
		{BB5FFA2D-6858-4036-FFCE-CD7A2A92F54C}.Release|Any CPU.Build.0 = Release|Any CPU
	EndGlobalSection
	GlobalSection(SolutionProperties) = preSolution
		HideSolutionNode = FALSE
	EndGlobalSection
EndGlobal
