
Microsoft Visual Studio Solution File, Format Version 10.00
# Visual Studio 2008
Project("{FAE04EC0-301F-11D3-BF4B-00C04F79EFBC}") = "링크드리스트", "링크드리스트\링크드리스트.csproj", "{4BD8B1BA-1FA0-405B-ACEE-B6DD575DE94C}"
EndProject
Global
	GlobalSection(SolutionConfigurationPlatforms) = preSolution
		Debug|Any CPU = Debug|Any CPU
		Release|Any CPU = Release|Any CPU
	EndGlobalSection
	GlobalSection(ProjectConfigurationPlatforms) = postSolution
		{4BD8B1BA-1FA0-405B-ACEE-B6DD575DE94C}.Debug|Any CPU.ActiveCfg = Debug|Any CPU
		{4BD8B1BA-1FA0-405B-ACEE-B6DD575DE94C}.Debug|Any CPU.Build.0 = Debug|Any CPU
		{4BD8B1BA-1FA0-405B-ACEE-B6DD575DE94C}.Release|Any CPU.ActiveCfg = Release|Any CPU
		{4BD8B1BA-1FA0-405B-ACEE-B6DD575DE94C}.Release|Any CPU.Build.0 = Release|Any CPU
	EndGlobalSection
	GlobalSection(SolutionProperties) = preSolution
		HideSolutionNode = FALSE
	EndGlobalSection
EndGlobal
