
Microsoft Visual Studio Solution File, Format Version 12.00
# Visual Studio 15
VisualStudioVersion = 15.0.27130.2027
MinimumVisualStudioVersion = 10.0.40219.1
Project("{FAE04EC0-301F-11D3-BF4B-00C04F79EFBC}") = "Invader", "Invader\Invader.csproj", "{3F82C3E9-0D7D-49C4-8572-317303467684}"
EndProject
Global
	GlobalSection(SolutionConfigurationPlatforms) = preSolution
		Debug|Any CPU = Debug|Any CPU
		Release|Any CPU = Release|Any CPU
	EndGlobalSection
	GlobalSection(ProjectConfigurationPlatforms) = postSolution
		{3F82C3E9-0D7D-49C4-8572-317303467684}.Debug|Any CPU.ActiveCfg = Debug|Any CPU
		{3F82C3E9-0D7D-49C4-8572-317303467684}.Debug|Any CPU.Build.0 = Debug|Any CPU
		{3F82C3E9-0D7D-49C4-8572-317303467684}.Release|Any CPU.ActiveCfg = Release|Any CPU
		{3F82C3E9-0D7D-49C4-8572-317303467684}.Release|Any CPU.Build.0 = Release|Any CPU
	EndGlobalSection
	GlobalSection(SolutionProperties) = preSolution
		HideSolutionNode = FALSE
	EndGlobalSection
	GlobalSection(ExtensibilityGlobals) = postSolution
		SolutionGuid = {C9943BB0-DACD-4815-9968-267227F66451}
	EndGlobalSection
EndGlobal
