
Microsoft Visual Studio Solution File, Format Version 12.00
# Visual Studio 15
VisualStudioVersion = 15.0.27130.2027
MinimumVisualStudioVersion = 10.0.40219.1
Project("{FAE04EC0-301F-11D3-BF4B-00C04F79EFBC}") = "PracticeOfPrivate", "PracticeOfPrivate\PracticeOfPrivate.csproj", "{57C1B3F1-D843-474B-9443-D088407651A5}"
EndProject
Project("{FAE04EC0-301F-11D3-BF4B-00C04F79EFBC}") = "WindowsFormsApp1", "WindowsFormsApp1\WindowsFormsApp1.csproj", "{A7E5742E-B83D-4B3A-8527-8E5D0C7EF174}"
EndProject
Project("{FAE04EC0-301F-11D3-BF4B-00C04F79EFBC}") = "CableBill_Practice", "CableBill_Practice\CableBill_Practice.csproj", "{706DAA54-7808-4A7B-98DD-5EA880D52B96}"
EndProject
Global
	GlobalSection(SolutionConfigurationPlatforms) = preSolution
		Debug|Any CPU = Debug|Any CPU
		Release|Any CPU = Release|Any CPU
	EndGlobalSection
	GlobalSection(ProjectConfigurationPlatforms) = postSolution
		{57C1B3F1-D843-474B-9443-D088407651A5}.Debug|Any CPU.ActiveCfg = Debug|Any CPU
		{57C1B3F1-D843-474B-9443-D088407651A5}.Debug|Any CPU.Build.0 = Debug|Any CPU
		{57C1B3F1-D843-474B-9443-D088407651A5}.Release|Any CPU.ActiveCfg = Release|Any CPU
		{57C1B3F1-D843-474B-9443-D088407651A5}.Release|Any CPU.Build.0 = Release|Any CPU
		{A7E5742E-B83D-4B3A-8527-8E5D0C7EF174}.Debug|Any CPU.ActiveCfg = Debug|Any CPU
		{A7E5742E-B83D-4B3A-8527-8E5D0C7EF174}.Debug|Any CPU.Build.0 = Debug|Any CPU
		{A7E5742E-B83D-4B3A-8527-8E5D0C7EF174}.Release|Any CPU.ActiveCfg = Release|Any CPU
		{A7E5742E-B83D-4B3A-8527-8E5D0C7EF174}.Release|Any CPU.Build.0 = Release|Any CPU
		{706DAA54-7808-4A7B-98DD-5EA880D52B96}.Debug|Any CPU.ActiveCfg = Debug|Any CPU
		{706DAA54-7808-4A7B-98DD-5EA880D52B96}.Debug|Any CPU.Build.0 = Debug|Any CPU
		{706DAA54-7808-4A7B-98DD-5EA880D52B96}.Release|Any CPU.ActiveCfg = Release|Any CPU
		{706DAA54-7808-4A7B-98DD-5EA880D52B96}.Release|Any CPU.Build.0 = Release|Any CPU
	EndGlobalSection
	GlobalSection(SolutionProperties) = preSolution
		HideSolutionNode = FALSE
	EndGlobalSection
	GlobalSection(ExtensibilityGlobals) = postSolution
		SolutionGuid = {DE3FB93B-1A04-45F6-B205-28ECC5B508E6}
	EndGlobalSection
EndGlobal
