
Microsoft Visual Studio Solution File, Format Version 12.00
# Visual Studio 15
VisualStudioVersion = 15.0.27130.2027
MinimumVisualStudioVersion = 10.0.40219.1
Project("{FAE04EC0-301F-11D3-BF4B-00C04F79EFBC}") = "DungeonQuest", "DungeonQuest\DungeonQuest.csproj", "{C7D7E3AC-DBC8-4B62-8DC7-D5DB5A4B0406}"
EndProject
Global
	GlobalSection(SolutionConfigurationPlatforms) = preSolution
		Debug|Any CPU = Debug|Any CPU
		Release|Any CPU = Release|Any CPU
	EndGlobalSection
	GlobalSection(ProjectConfigurationPlatforms) = postSolution
		{C7D7E3AC-DBC8-4B62-8DC7-D5DB5A4B0406}.Debug|Any CPU.ActiveCfg = Debug|Any CPU
		{C7D7E3AC-DBC8-4B62-8DC7-D5DB5A4B0406}.Debug|Any CPU.Build.0 = Debug|Any CPU
		{C7D7E3AC-DBC8-4B62-8DC7-D5DB5A4B0406}.Release|Any CPU.ActiveCfg = Release|Any CPU
		{C7D7E3AC-DBC8-4B62-8DC7-D5DB5A4B0406}.Release|Any CPU.Build.0 = Release|Any CPU
	EndGlobalSection
	GlobalSection(SolutionProperties) = preSolution
		HideSolutionNode = FALSE
	EndGlobalSection
	GlobalSection(ExtensibilityGlobals) = postSolution
		SolutionGuid = {6D298F20-E4FE-4BD5-A05F-5B9CC877AFBC}
	EndGlobalSection
EndGlobal
