
Microsoft Visual Studio Solution File, Format Version 12.00
# Visual Studio 15
VisualStudioVersion = 15.0.27130.2027
MinimumVisualStudioVersion = 10.0.40219.1
Project("{FAE04EC0-301F-11D3-BF4B-00C04F79EFBC}") = "RoundQueue", "RoundQueue.csproj", "{FC495A10-9740-4546-AF9D-0FC20DACEBFA}"
EndProject
Global
	GlobalSection(SolutionConfigurationPlatforms) = preSolution
		Debug|Any CPU = Debug|Any CPU
		Release|Any CPU = Release|Any CPU
	EndGlobalSection
	GlobalSection(ProjectConfigurationPlatforms) = postSolution
		{FC495A10-9740-4546-AF9D-0FC20DACEBFA}.Debug|Any CPU.ActiveCfg = Debug|Any CPU
		{FC495A10-9740-4546-AF9D-0FC20DACEBFA}.Debug|Any CPU.Build.0 = Debug|Any CPU
		{FC495A10-9740-4546-AF9D-0FC20DACEBFA}.Release|Any CPU.ActiveCfg = Release|Any CPU
		{FC495A10-9740-4546-AF9D-0FC20DACEBFA}.Release|Any CPU.Build.0 = Release|Any CPU
	EndGlobalSection
	GlobalSection(SolutionProperties) = preSolution
		HideSolutionNode = FALSE
	EndGlobalSection
	GlobalSection(ExtensibilityGlobals) = postSolution
		SolutionGuid = {01B16BE9-17B7-4A41-B5CF-967C3598B2ED}
	EndGlobalSection
EndGlobal
