
Microsoft Visual Studio Solution File, Format Version 12.00
# Visual Studio 15
VisualStudioVersion = 15.0.27130.2036
MinimumVisualStudioVersion = 10.0.40219.1
Project("{FAE04EC0-301F-11D3-BF4B-00C04F79EFBC}") = "CircleQueue", "CircleQueue\CircleQueue.csproj", "{33155908-27F6-4012-82E0-64462A13D393}"
EndProject
Global
	GlobalSection(SolutionConfigurationPlatforms) = preSolution
		Debug|Any CPU = Debug|Any CPU
		Release|Any CPU = Release|Any CPU
	EndGlobalSection
	GlobalSection(ProjectConfigurationPlatforms) = postSolution
		{33155908-27F6-4012-82E0-64462A13D393}.Debug|Any CPU.ActiveCfg = Debug|Any CPU
		{33155908-27F6-4012-82E0-64462A13D393}.Debug|Any CPU.Build.0 = Debug|Any CPU
		{33155908-27F6-4012-82E0-64462A13D393}.Release|Any CPU.ActiveCfg = Release|Any CPU
		{33155908-27F6-4012-82E0-64462A13D393}.Release|Any CPU.Build.0 = Release|Any CPU
	EndGlobalSection
	GlobalSection(SolutionProperties) = preSolution
		HideSolutionNode = FALSE
	EndGlobalSection
	GlobalSection(ExtensibilityGlobals) = postSolution
		SolutionGuid = {89D8EAB8-DAC9-4D11-8DDF-FC7BA75E63ED}
	EndGlobalSection
EndGlobal
