
Microsoft Visual Studio Solution File, Format Version 12.00
# Visual Studio 15
VisualStudioVersion = 15.0.27130.2027
MinimumVisualStudioVersion = 10.0.40219.1
Project("{FAE04EC0-301F-11D3-BF4B-00C04F79EFBC}") = "GenericLinkedList", "GenericLinkedList\GenericLinkedList.csproj", "{D6CEFD1D-6673-4323-8D0D-8142F46A6BAB}"
EndProject
Global
	GlobalSection(SolutionConfigurationPlatforms) = preSolution
		Debug|Any CPU = Debug|Any CPU
		Release|Any CPU = Release|Any CPU
	EndGlobalSection
	GlobalSection(ProjectConfigurationPlatforms) = postSolution
		{D6CEFD1D-6673-4323-8D0D-8142F46A6BAB}.Debug|Any CPU.ActiveCfg = Debug|Any CPU
		{D6CEFD1D-6673-4323-8D0D-8142F46A6BAB}.Debug|Any CPU.Build.0 = Debug|Any CPU
		{D6CEFD1D-6673-4323-8D0D-8142F46A6BAB}.Release|Any CPU.ActiveCfg = Release|Any CPU
		{D6CEFD1D-6673-4323-8D0D-8142F46A6BAB}.Release|Any CPU.Build.0 = Release|Any CPU
	EndGlobalSection
	GlobalSection(SolutionProperties) = preSolution
		HideSolutionNode = FALSE
	EndGlobalSection
	GlobalSection(ExtensibilityGlobals) = postSolution
		SolutionGuid = {B7AF6CE0-CB32-4250-A59A-F1174C83883D}
	EndGlobalSection
EndGlobal
