
Microsoft Visual Studio Solution File, Format Version 12.00
# Visual Studio 15
VisualStudioVersion = 15.0.27130.2027
MinimumVisualStudioVersion = 10.0.40219.1
Project("{FAE04EC0-301F-11D3-BF4B-00C04F79EFBC}") = "WindowsFormsApp12", "WindowsFormsApp12\WindowsFormsApp12.csproj", "{592C4835-FD2A-4F66-9D43-489A5CA3A625}"
EndProject
Global
	GlobalSection(SolutionConfigurationPlatforms) = preSolution
		Debug|Any CPU = Debug|Any CPU
		Release|Any CPU = Release|Any CPU
	EndGlobalSection
	GlobalSection(ProjectConfigurationPlatforms) = postSolution
		{592C4835-FD2A-4F66-9D43-489A5CA3A625}.Debug|Any CPU.ActiveCfg = Debug|Any CPU
		{592C4835-FD2A-4F66-9D43-489A5CA3A625}.Debug|Any CPU.Build.0 = Debug|Any CPU
		{592C4835-FD2A-4F66-9D43-489A5CA3A625}.Release|Any CPU.ActiveCfg = Release|Any CPU
		{592C4835-FD2A-4F66-9D43-489A5CA3A625}.Release|Any CPU.Build.0 = Release|Any CPU
	EndGlobalSection
	GlobalSection(SolutionProperties) = preSolution
		HideSolutionNode = FALSE
	EndGlobalSection
	GlobalSection(ExtensibilityGlobals) = postSolution
		SolutionGuid = {14E3882F-4AC6-4D7E-8FF5-39737CC58854}
	EndGlobalSection
EndGlobal
