
Microsoft Visual Studio Solution File, Format Version 12.00
# Visual Studio 2017
Project("{FAE04EC0-301F-11D3-BF4B-00C04F79EFBC}") = "UNIDRA_Practice1", "UNIDRA_Practice1.csproj", "{E10D02F4-6DD6-50C1-541E-E234EDF99B0E}"
EndProject
Global
	GlobalSection(SolutionConfigurationPlatforms) = preSolution
		Debug|Any CPU = Debug|Any CPU
		Release|Any CPU = Release|Any CPU
	EndGlobalSection
	GlobalSection(ProjectConfigurationPlatforms) = postSolution
		{E10D02F4-6DD6-50C1-541E-E234EDF99B0E}.Debug|Any CPU.ActiveCfg = Debug|Any CPU
		{E10D02F4-6DD6-50C1-541E-E234EDF99B0E}.Debug|Any CPU.Build.0 = Debug|Any CPU
		{E10D02F4-6DD6-50C1-541E-E234EDF99B0E}.Release|Any CPU.ActiveCfg = Release|Any CPU
		{E10D02F4-6DD6-50C1-541E-E234EDF99B0E}.Release|Any CPU.Build.0 = Release|Any CPU
	EndGlobalSection
	GlobalSection(SolutionProperties) = preSolution
		HideSolutionNode = FALSE
	EndGlobalSection
EndGlobal
