
Microsoft Visual Studio Solution File, Format Version 12.00
# Visual Studio 15
VisualStudioVersion = 15.0.27130.2027
MinimumVisualStudioVersion = 10.0.40219.1
Project("{FAE04EC0-301F-11D3-BF4B-00C04F79EFBC}") = "Invaders", "Invaders\Invaders.csproj", "{6583EA4A-DC28-45B6-8EE5-E7CD886FADE3}"
EndProject
Global
	GlobalSection(SolutionConfigurationPlatforms) = preSolution
		Debug|Any CPU = Debug|Any CPU
		Release|Any CPU = Release|Any CPU
	EndGlobalSection
	GlobalSection(ProjectConfigurationPlatforms) = postSolution
		{6583EA4A-DC28-45B6-8EE5-E7CD886FADE3}.Debug|Any CPU.ActiveCfg = Debug|Any CPU
		{6583EA4A-DC28-45B6-8EE5-E7CD886FADE3}.Debug|Any CPU.Build.0 = Debug|Any CPU
		{6583EA4A-DC28-45B6-8EE5-E7CD886FADE3}.Release|Any CPU.ActiveCfg = Release|Any CPU
		{6583EA4A-DC28-45B6-8EE5-E7CD886FADE3}.Release|Any CPU.Build.0 = Release|Any CPU
	EndGlobalSection
	GlobalSection(SolutionProperties) = preSolution
		HideSolutionNode = FALSE
	EndGlobalSection
	GlobalSection(ExtensibilityGlobals) = postSolution
		SolutionGuid = {F479E3A8-AB92-4A55-9512-0E9B82541488}
	EndGlobalSection
EndGlobal
