
Microsoft Visual Studio Solution File, Format Version 12.00
# Visual Studio 15
VisualStudioVersion = 15.0.27130.2027
MinimumVisualStudioVersion = 10.0.40219.1
Project("{FAE04EC0-301F-11D3-BF4B-00C04F79EFBC}") = "0322_LinkedList_test", "0322_LinkedList_test\0322_LinkedList_test.csproj", "{A82286CE-3C9E-4CEE-B255-3E4D364196C3}"
EndProject
Global
	GlobalSection(SolutionConfigurationPlatforms) = preSolution
		Debug|Any CPU = Debug|Any CPU
		Release|Any CPU = Release|Any CPU
	EndGlobalSection
	GlobalSection(ProjectConfigurationPlatforms) = postSolution
		{A82286CE-3C9E-4CEE-B255-3E4D364196C3}.Debug|Any CPU.ActiveCfg = Debug|Any CPU
		{A82286CE-3C9E-4CEE-B255-3E4D364196C3}.Debug|Any CPU.Build.0 = Debug|Any CPU
		{A82286CE-3C9E-4CEE-B255-3E4D364196C3}.Release|Any CPU.ActiveCfg = Release|Any CPU
		{A82286CE-3C9E-4CEE-B255-3E4D364196C3}.Release|Any CPU.Build.0 = Release|Any CPU
	EndGlobalSection
	GlobalSection(SolutionProperties) = preSolution
		HideSolutionNode = FALSE
	EndGlobalSection
	GlobalSection(ExtensibilityGlobals) = postSolution
		SolutionGuid = {FBAF08A2-5A9E-4F1F-A077-82806A750E7D}
	EndGlobalSection
EndGlobal
