
Microsoft Visual Studio Solution File, Format Version 12.00
# Visual Studio 15
VisualStudioVersion = 15.0.27428.2027
MinimumVisualStudioVersion = 10.0.40219.1
Project("{FAE04EC0-301F-11D3-BF4B-00C04F79EFBC}") = "ObjectPool", "ObjectPool\ObjectPool.csproj", "{22AE736D-422A-4E5B-947C-AF72DE5353CA}"
EndProject
Global
	GlobalSection(SolutionConfigurationPlatforms) = preSolution
		Debug|Any CPU = Debug|Any CPU
		Release|Any CPU = Release|Any CPU
	EndGlobalSection
	GlobalSection(ProjectConfigurationPlatforms) = postSolution
		{22AE736D-422A-4E5B-947C-AF72DE5353CA}.Debug|Any CPU.ActiveCfg = Debug|Any CPU
		{22AE736D-422A-4E5B-947C-AF72DE5353CA}.Debug|Any CPU.Build.0 = Debug|Any CPU
		{22AE736D-422A-4E5B-947C-AF72DE5353CA}.Release|Any CPU.ActiveCfg = Release|Any CPU
		{22AE736D-422A-4E5B-947C-AF72DE5353CA}.Release|Any CPU.Build.0 = Release|Any CPU
	EndGlobalSection
	GlobalSection(SolutionProperties) = preSolution
		HideSolutionNode = FALSE
	EndGlobalSection
	GlobalSection(ExtensibilityGlobals) = postSolution
		SolutionGuid = {317CAA3B-680E-4FE8-9DFE-74581E784303}
	EndGlobalSection
EndGlobal
